
Microsoft Visual Studio Solution File, Format Version 12.00
# Visual Studio 14
VisualStudioVersion = 14.0.25420.1
MinimumVisualStudioVersion = 10.0.40219.1
Project("{2150E333-8FDC-42A3-9474-1A3956D46DE8}") = "OrleansExample", "OrleansExample", "{8603CFB7-5A0C-4443-9595-65A230A1534F}"
	ProjectSection(SolutionItems) = preProject
		Readme.md = Readme.md
	EndProjectSection
EndProject
Project("{FAE04EC0-301F-11D3-BF4B-00C04F79EFBC}") = "OrleansExample.GrainInterfaces", "OrleansExample.GrainInterfaces\OrleansExample.GrainInterfaces.csproj", "{B8C507CB-5023-46F1-A8CC-F0EC510EAC6A}"
EndProject
Project("{FAE04EC0-301F-11D3-BF4B-00C04F79EFBC}") = "OrleansExample.GrainImplementations", "OrleansExample.GrainImplementations\OrleansExample.GrainImplementations.csproj", "{68ABB0BD-B05B-428E-A35F-B11FDFDC0801}"
EndProject
Project("{FAE04EC0-301F-11D3-BF4B-00C04F79EFBC}") = "OrleansExample.DevTestHost", "OrleansExample.DevTestHost\OrleansExample.DevTestHost.csproj", "{56FEE984-3080-433D-80F2-8A1573E5F2F0}"
EndProject
Project("{FAE04EC0-301F-11D3-BF4B-00C04F79EFBC}") = "OrleansExample.FileStorageProvider", "OrleansExample.FileStorageProvider\OrleansExample.FileStorageProvider.csproj", "{55BA81B1-EC2D-4DB5-9A1C-D018A4332233}"
EndProject
Project("{FAE04EC0-301F-11D3-BF4B-00C04F79EFBC}") = "OrleansExample.WebApi", "OrleansExample.WebApi\OrleansExample.WebApi.csproj", "{5DA77422-4E0D-434B-8E40-D50A3384FFF2}"
EndProject
Project("{FAE04EC0-301F-11D3-BF4B-00C04F79EFBC}") = "OrleansExample.Host", "OrleansExample.Host\OrleansExample.Host.csproj", "{AE033605-A354-4B29-ACAD-F20C1FA47EB4}"
EndProject
Global
	GlobalSection(SolutionConfigurationPlatforms) = preSolution
		Debug|Any CPU = Debug|Any CPU
		Debug|ARM = Debug|ARM
		Debug|x64 = Debug|x64
		Debug|x86 = Debug|x86
		Release|Any CPU = Release|Any CPU
		Release|ARM = Release|ARM
		Release|x64 = Release|x64
		Release|x86 = Release|x86
	EndGlobalSection
	GlobalSection(ProjectConfigurationPlatforms) = postSolution
		{B8C507CB-5023-46F1-A8CC-F0EC510EAC6A}.Debug|Any CPU.ActiveCfg = Debug|Any CPU
		{B8C507CB-5023-46F1-A8CC-F0EC510EAC6A}.Debug|Any CPU.Build.0 = Debug|Any CPU
		{B8C507CB-5023-46F1-A8CC-F0EC510EAC6A}.Debug|ARM.ActiveCfg = Debug|Any CPU
		{B8C507CB-5023-46F1-A8CC-F0EC510EAC6A}.Debug|ARM.Build.0 = Debug|Any CPU
		{B8C507CB-5023-46F1-A8CC-F0EC510EAC6A}.Debug|x64.ActiveCfg = Debug|Any CPU
		{B8C507CB-5023-46F1-A8CC-F0EC510EAC6A}.Debug|x64.Build.0 = Debug|Any CPU
		{B8C507CB-5023-46F1-A8CC-F0EC510EAC6A}.Debug|x86.ActiveCfg = Debug|Any CPU
		{B8C507CB-5023-46F1-A8CC-F0EC510EAC6A}.Debug|x86.Build.0 = Debug|Any CPU
		{B8C507CB-5023-46F1-A8CC-F0EC510EAC6A}.Release|Any CPU.ActiveCfg = Release|Any CPU
		{B8C507CB-5023-46F1-A8CC-F0EC510EAC6A}.Release|Any CPU.Build.0 = Release|Any CPU
		{B8C507CB-5023-46F1-A8CC-F0EC510EAC6A}.Release|ARM.ActiveCfg = Release|Any CPU
		{B8C507CB-5023-46F1-A8CC-F0EC510EAC6A}.Release|ARM.Build.0 = Release|Any CPU
		{B8C507CB-5023-46F1-A8CC-F0EC510EAC6A}.Release|x64.ActiveCfg = Release|Any CPU
		{B8C507CB-5023-46F1-A8CC-F0EC510EAC6A}.Release|x64.Build.0 = Release|Any CPU
		{B8C507CB-5023-46F1-A8CC-F0EC510EAC6A}.Release|x86.ActiveCfg = Release|Any CPU
		{B8C507CB-5023-46F1-A8CC-F0EC510EAC6A}.Release|x86.Build.0 = Release|Any CPU
		{68ABB0BD-B05B-428E-A35F-B11FDFDC0801}.Debug|Any CPU.ActiveCfg = Debug|Any CPU
		{68ABB0BD-B05B-428E-A35F-B11FDFDC0801}.Debug|Any CPU.Build.0 = Debug|Any CPU
		{68ABB0BD-B05B-428E-A35F-B11FDFDC0801}.Debug|ARM.ActiveCfg = Debug|Any CPU
		{68ABB0BD-B05B-428E-A35F-B11FDFDC0801}.Debug|ARM.Build.0 = Debug|Any CPU
		{68ABB0BD-B05B-428E-A35F-B11FDFDC0801}.Debug|x64.ActiveCfg = Debug|Any CPU
		{68ABB0BD-B05B-428E-A35F-B11FDFDC0801}.Debug|x64.Build.0 = Debug|Any CPU
		{68ABB0BD-B05B-428E-A35F-B11FDFDC0801}.Debug|x86.ActiveCfg = Debug|Any CPU
		{68ABB0BD-B05B-428E-A35F-B11FDFDC0801}.Debug|x86.Build.0 = Debug|Any CPU
		{68ABB0BD-B05B-428E-A35F-B11FDFDC0801}.Release|Any CPU.ActiveCfg = Release|Any CPU
		{68ABB0BD-B05B-428E-A35F-B11FDFDC0801}.Release|Any CPU.Build.0 = Release|Any CPU
		{68ABB0BD-B05B-428E-A35F-B11FDFDC0801}.Release|ARM.ActiveCfg = Release|Any CPU
		{68ABB0BD-B05B-428E-A35F-B11FDFDC0801}.Release|ARM.Build.0 = Release|Any CPU
		{68ABB0BD-B05B-428E-A35F-B11FDFDC0801}.Release|x64.ActiveCfg = Release|Any CPU
		{68ABB0BD-B05B-428E-A35F-B11FDFDC0801}.Release|x64.Build.0 = Release|Any CPU
		{68ABB0BD-B05B-428E-A35F-B11FDFDC0801}.Release|x86.ActiveCfg = Release|Any CPU
		{68ABB0BD-B05B-428E-A35F-B11FDFDC0801}.Release|x86.Build.0 = Release|Any CPU
		{56FEE984-3080-433D-80F2-8A1573E5F2F0}.Debug|Any CPU.ActiveCfg = Debug|Any CPU
		{56FEE984-3080-433D-80F2-8A1573E5F2F0}.Debug|Any CPU.Build.0 = Debug|Any CPU
		{56FEE984-3080-433D-80F2-8A1573E5F2F0}.Debug|ARM.ActiveCfg = Debug|Any CPU
		{56FEE984-3080-433D-80F2-8A1573E5F2F0}.Debug|ARM.Build.0 = Debug|Any CPU
		{56FEE984-3080-433D-80F2-8A1573E5F2F0}.Debug|x64.ActiveCfg = Debug|Any CPU
		{56FEE984-3080-433D-80F2-8A1573E5F2F0}.Debug|x64.Build.0 = Debug|Any CPU
		{56FEE984-3080-433D-80F2-8A1573E5F2F0}.Debug|x86.ActiveCfg = Debug|Any CPU
		{56FEE984-3080-433D-80F2-8A1573E5F2F0}.Debug|x86.Build.0 = Debug|Any CPU
		{56FEE984-3080-433D-80F2-8A1573E5F2F0}.Release|Any CPU.ActiveCfg = Release|Any CPU
		{56FEE984-3080-433D-80F2-8A1573E5F2F0}.Release|Any CPU.Build.0 = Release|Any CPU
		{56FEE984-3080-433D-80F2-8A1573E5F2F0}.Release|ARM.ActiveCfg = Release|Any CPU
		{56FEE984-3080-433D-80F2-8A1573E5F2F0}.Release|ARM.Build.0 = Release|Any CPU
		{56FEE984-3080-433D-80F2-8A1573E5F2F0}.Release|x64.ActiveCfg = Release|Any CPU
		{56FEE984-3080-433D-80F2-8A1573E5F2F0}.Release|x64.Build.0 = Release|Any CPU
		{56FEE984-3080-433D-80F2-8A1573E5F2F0}.Release|x86.ActiveCfg = Release|Any CPU
		{56FEE984-3080-433D-80F2-8A1573E5F2F0}.Release|x86.Build.0 = Release|Any CPU
		{55BA81B1-EC2D-4DB5-9A1C-D018A4332233}.Debug|Any CPU.ActiveCfg = Debug|Any CPU
		{55BA81B1-EC2D-4DB5-9A1C-D018A4332233}.Debug|Any CPU.Build.0 = Debug|Any CPU
		{55BA81B1-EC2D-4DB5-9A1C-D018A4332233}.Debug|ARM.ActiveCfg = Debug|Any CPU
		{55BA81B1-EC2D-4DB5-9A1C-D018A4332233}.Debug|ARM.Build.0 = Debug|Any CPU
		{55BA81B1-EC2D-4DB5-9A1C-D018A4332233}.Debug|x64.ActiveCfg = Debug|Any CPU
		{55BA81B1-EC2D-4DB5-9A1C-D018A4332233}.Debug|x64.Build.0 = Debug|Any CPU
		{55BA81B1-EC2D-4DB5-9A1C-D018A4332233}.Debug|x86.ActiveCfg = Debug|Any CPU
		{55BA81B1-EC2D-4DB5-9A1C-D018A4332233}.Debug|x86.Build.0 = Debug|Any CPU
		{55BA81B1-EC2D-4DB5-9A1C-D018A4332233}.Release|Any CPU.ActiveCfg = Release|Any CPU
		{55BA81B1-EC2D-4DB5-9A1C-D018A4332233}.Release|Any CPU.Build.0 = Release|Any CPU
		{55BA81B1-EC2D-4DB5-9A1C-D018A4332233}.Release|ARM.ActiveCfg = Release|Any CPU
		{55BA81B1-EC2D-4DB5-9A1C-D018A4332233}.Release|ARM.Build.0 = Release|Any CPU
		{55BA81B1-EC2D-4DB5-9A1C-D018A4332233}.Release|x64.ActiveCfg = Release|Any CPU
		{55BA81B1-EC2D-4DB5-9A1C-D018A4332233}.Release|x64.Build.0 = Release|Any CPU
		{55BA81B1-EC2D-4DB5-9A1C-D018A4332233}.Release|x86.ActiveCfg = Release|Any CPU
		{55BA81B1-EC2D-4DB5-9A1C-D018A4332233}.Release|x86.Build.0 = Release|Any CPU
		{5DA77422-4E0D-434B-8E40-D50A3384FFF2}.Debug|Any CPU.ActiveCfg = Debug|Any CPU
		{5DA77422-4E0D-434B-8E40-D50A3384FFF2}.Debug|Any CPU.Build.0 = Debug|Any CPU
		{5DA77422-4E0D-434B-8E40-D50A3384FFF2}.Debug|ARM.ActiveCfg = Debug|Any CPU
		{5DA77422-4E0D-434B-8E40-D50A3384FFF2}.Debug|ARM.Build.0 = Debug|Any CPU
		{5DA77422-4E0D-434B-8E40-D50A3384FFF2}.Debug|x64.ActiveCfg = Debug|Any CPU
		{5DA77422-4E0D-434B-8E40-D50A3384FFF2}.Debug|x64.Build.0 = Debug|Any CPU
		{5DA77422-4E0D-434B-8E40-D50A3384FFF2}.Debug|x86.ActiveCfg = Debug|Any CPU
		{5DA77422-4E0D-434B-8E40-D50A3384FFF2}.Debug|x86.Build.0 = Debug|Any CPU
		{5DA77422-4E0D-434B-8E40-D50A3384FFF2}.Release|Any CPU.ActiveCfg = Release|Any CPU
		{5DA77422-4E0D-434B-8E40-D50A3384FFF2}.Release|Any CPU.Build.0 = Release|Any CPU
		{5DA77422-4E0D-434B-8E40-D50A3384FFF2}.Release|ARM.ActiveCfg = Release|Any CPU
		{5DA77422-4E0D-434B-8E40-D50A3384FFF2}.Release|ARM.Build.0 = Release|Any CPU
		{5DA77422-4E0D-434B-8E40-D50A3384FFF2}.Release|x64.ActiveCfg = Release|Any CPU
		{5DA77422-4E0D-434B-8E40-D50A3384FFF2}.Release|x64.Build.0 = Release|Any CPU
		{5DA77422-4E0D-434B-8E40-D50A3384FFF2}.Release|x86.ActiveCfg = Release|Any CPU
		{5DA77422-4E0D-434B-8E40-D50A3384FFF2}.Release|x86.Build.0 = Release|Any CPU
		{AE033605-A354-4B29-ACAD-F20C1FA47EB4}.Debug|Any CPU.ActiveCfg = Debug|Any CPU
		{AE033605-A354-4B29-ACAD-F20C1FA47EB4}.Debug|Any CPU.Build.0 = Debug|Any CPU
		{AE033605-A354-4B29-ACAD-F20C1FA47EB4}.Debug|ARM.ActiveCfg = Debug|Any CPU
		{AE033605-A354-4B29-ACAD-F20C1FA47EB4}.Debug|ARM.Build.0 = Debug|Any CPU
		{AE033605-A354-4B29-ACAD-F20C1FA47EB4}.Debug|x64.ActiveCfg = Debug|Any CPU
		{AE033605-A354-4B29-ACAD-F20C1FA47EB4}.Debug|x64.Build.0 = Debug|Any CPU
		{AE033605-A354-4B29-ACAD-F20C1FA47EB4}.Debug|x86.ActiveCfg = Debug|Any CPU
		{AE033605-A354-4B29-ACAD-F20C1FA47EB4}.Debug|x86.Build.0 = Debug|Any CPU
		{AE033605-A354-4B29-ACAD-F20C1FA47EB4}.Release|Any CPU.ActiveCfg = Release|Any CPU
		{AE033605-A354-4B29-ACAD-F20C1FA47EB4}.Release|Any CPU.Build.0 = Release|Any CPU
		{AE033605-A354-4B29-ACAD-F20C1FA47EB4}.Release|ARM.ActiveCfg = Release|Any CPU
		{AE033605-A354-4B29-ACAD-F20C1FA47EB4}.Release|ARM.Build.0 = Release|Any CPU
		{AE033605-A354-4B29-ACAD-F20C1FA47EB4}.Release|x64.ActiveCfg = Release|Any CPU
		{AE033605-A354-4B29-ACAD-F20C1FA47EB4}.Release|x64.Build.0 = Release|Any CPU
		{AE033605-A354-4B29-ACAD-F20C1FA47EB4}.Release|x86.ActiveCfg = Release|Any CPU
		{AE033605-A354-4B29-ACAD-F20C1FA47EB4}.Release|x86.Build.0 = Release|Any CPU
	EndGlobalSection
	GlobalSection(SolutionProperties) = preSolution
		HideSolutionNode = FALSE
	EndGlobalSection
	GlobalSection(NestedProjects) = preSolution
		{B8C507CB-5023-46F1-A8CC-F0EC510EAC6A} = {8603CFB7-5A0C-4443-9595-65A230A1534F}
		{68ABB0BD-B05B-428E-A35F-B11FDFDC0801} = {8603CFB7-5A0C-4443-9595-65A230A1534F}
		{56FEE984-3080-433D-80F2-8A1573E5F2F0} = {8603CFB7-5A0C-4443-9595-65A230A1534F}
		{55BA81B1-EC2D-4DB5-9A1C-D018A4332233} = {8603CFB7-5A0C-4443-9595-65A230A1534F}
		{5DA77422-4E0D-434B-8E40-D50A3384FFF2} = {8603CFB7-5A0C-4443-9595-65A230A1534F}
		{AE033605-A354-4B29-ACAD-F20C1FA47EB4} = {8603CFB7-5A0C-4443-9595-65A230A1534F}
	EndGlobalSection
EndGlobal
